
Microsoft Visual Studio Solution File, Format Version 12.00
# Visual Studio 15
VisualStudioVersion = 15.0.28307.136
MinimumVisualStudioVersion = 10.0.40219.1
Project("{888888A0-9F3D-457C-B088-3A5042F75D52}") = "importJsonToES", "importJsonToES\importJsonToES.pyproj", "{C8525589-8861-4261-9CB3-BD6B2C1846DE}"
EndProject
Global
	GlobalSection(SolutionConfigurationPlatforms) = preSolution
		Debug|Any CPU = Debug|Any CPU
		Release|Any CPU = Release|Any CPU
	EndGlobalSection
	GlobalSection(ProjectConfigurationPlatforms) = postSolution
		{C8525589-8861-4261-9CB3-BD6B2C1846DE}.Debug|Any CPU.ActiveCfg = Debug|Any CPU
		{C8525589-8861-4261-9CB3-BD6B2C1846DE}.Release|Any CPU.ActiveCfg = Release|Any CPU
	EndGlobalSection
	GlobalSection(SolutionProperties) = preSolution
		HideSolutionNode = FALSE
	EndGlobalSection
	GlobalSection(ExtensibilityGlobals) = postSolution
		SolutionGuid = {0B90D71D-8901-4C1B-8BCB-A7EB2ECBAA39}
	EndGlobalSection
EndGlobal
